
Microsoft Visual Studio Solution File, Format Version 12.00
Project("{FAE04EC0-301F-11D3-BF4B-00C04F79EFBC}") = "PermiakovaTK", "PermiakovaTK\PermiakovaTK.csproj", "{500B1069-75EB-4BFE-B325-3B5A7AA174CF}"
EndProject
Project("{FAE04EC0-301F-11D3-BF4B-00C04F79EFBC}") = "PermiakovaTKTest", "PermiakovaTKTest\PermiakovaTKTest.csproj", "{1481E472-820A-4F22-BCD9-7AAE3F0B39BF}"
EndProject
Global
	GlobalSection(SolutionConfigurationPlatforms) = preSolution
		Debug|Any CPU = Debug|Any CPU
		Release|Any CPU = Release|Any CPU
	EndGlobalSection
	GlobalSection(ProjectConfigurationPlatforms) = postSolution
		{500B1069-75EB-4BFE-B325-3B5A7AA174CF}.Debug|Any CPU.ActiveCfg = Debug|Any CPU
		{500B1069-75EB-4BFE-B325-3B5A7AA174CF}.Debug|Any CPU.Build.0 = Debug|Any CPU
		{500B1069-75EB-4BFE-B325-3B5A7AA174CF}.Release|Any CPU.ActiveCfg = Release|Any CPU
		{500B1069-75EB-4BFE-B325-3B5A7AA174CF}.Release|Any CPU.Build.0 = Release|Any CPU
		{1481E472-820A-4F22-BCD9-7AAE3F0B39BF}.Debug|Any CPU.ActiveCfg = Debug|Any CPU
		{1481E472-820A-4F22-BCD9-7AAE3F0B39BF}.Debug|Any CPU.Build.0 = Debug|Any CPU
		{1481E472-820A-4F22-BCD9-7AAE3F0B39BF}.Release|Any CPU.ActiveCfg = Release|Any CPU
		{1481E472-820A-4F22-BCD9-7AAE3F0B39BF}.Release|Any CPU.Build.0 = Release|Any CPU
	EndGlobalSection
EndGlobal
